// !$*UTF8*$!
{
	archiveVersion = 1;
	classes = {
	};
	objectVersion = 46;
	objects = {

/* Begin PBXBuildFile section */
		C81477F01B0B1EAC00AE415C /* QQConnection.framework in Frameworks */ = {isa = PBXBuildFile; fileRef = C81477D41B0B1EAC00AE415C /* QQConnection.framework */; };
		C81477F11B0B1EAC00AE415C /* QZoneConnection.framework in Frameworks */ = {isa = PBXBuildFile; fileRef = C81477D51B0B1EAC00AE415C /* QZoneConnection.framework */; };
		C81477F21B0B1EAC00AE415C /* SinaWeiboConnection.framework in Frameworks */ = {isa = PBXBuildFile; fileRef = C81477D61B0B1EAC00AE415C /* SinaWeiboConnection.framework */; };
		C81477F31B0B1EAC00AE415C /* WeChatConnection.framework in Frameworks */ = {isa = PBXBuildFile; fileRef = C81477D71B0B1EAC00AE415C /* WeChatConnection.framework */; };
		C81477F41B0B1EAC00AE415C /* AGCommon.framework in Frameworks */ = {isa = PBXBuildFile; fileRef = C81477D91B0B1EAC00AE415C /* AGCommon.framework */; };
		C81477F51B0B1EAC00AE415C /* ShareSDKLocalizable.strings in Resources */ = {isa = PBXBuildFile; fileRef = C81477DA1B0B1EAC00AE415C /* ShareSDKLocalizable.strings */; };
		C81477F61B0B1EAC00AE415C /* Resource.bundle in Resources */ = {isa = PBXBuildFile; fileRef = C81477DC1B0B1EAC00AE415C /* Resource.bundle */; };
		C81477F71B0B1EAC00AE415C /* ShareSDKCoreService.framework in Frameworks */ = {isa = PBXBuildFile; fileRef = C81477DD1B0B1EAC00AE415C /* ShareSDKCoreService.framework */; };
		C81477F81B0B1EAC00AE415C /* TencentOpenAPI.framework in Frameworks */ = {isa = PBXBuildFile; fileRef = C81477E11B0B1EAC00AE415C /* TencentOpenAPI.framework */; };
		C81477F91B0B1EAC00AE415C /* TencentOpenApi_IOS_Bundle.bundle in Resources */ = {isa = PBXBuildFile; fileRef = C81477E21B0B1EAC00AE415C /* TencentOpenApi_IOS_Bundle.bundle */; };
		C81477FA1B0B1EAC00AE415C /* libWeiboSDK.a in Frameworks */ = {isa = PBXBuildFile; fileRef = C81477E41B0B1EAC00AE415C /* libWeiboSDK.a */; };
		C81477FB1B0B1EAC00AE415C /* WeiboSDK.bundle in Resources */ = {isa = PBXBuildFile; fileRef = C81477E51B0B1EAC00AE415C /* WeiboSDK.bundle */; };
		C81477FC1B0B1EAC00AE415C /* libWeChatSDK.a in Frameworks */ = {isa = PBXBuildFile; fileRef = C81477E81B0B1EAC00AE415C /* libWeChatSDK.a */; };
		C81477FD1B0B1EAC00AE415C /* ShareSDK.framework in Frameworks */ = {isa = PBXBuildFile; fileRef = C81477EB1B0B1EAC00AE415C /* ShareSDK.framework */; };
		C81477FE1B0B1EAC00AE415C /* ShareSDKFlatShareViewUI.bundle in Resources */ = {isa = PBXBuildFile; fileRef = C81477ED1B0B1EAC00AE415C /* ShareSDKFlatShareViewUI.bundle */; };
		C81477FF1B0B1EAC00AE415C /* ShareSDKFlatShareViewUI.framework in Frameworks */ = {isa = PBXBuildFile; fileRef = C81477EE1B0B1EAC00AE415C /* ShareSDKFlatShareViewUI.framework */; };
		C81478001B0B1EAC00AE415C /* ShareSDKShareActionSheet.framework in Frameworks */ = {isa = PBXBuildFile; fileRef = C81477EF1B0B1EAC00AE415C /* ShareSDKShareActionSheet.framework */; };
		C83E87401B09D742009C008B /* ShareSDK.jpg in Resources */ = {isa = PBXBuildFile; fileRef = C83E873F1B09D742009C008B /* ShareSDK.jpg */; };
		C86D13F11B02212A004A7E17 /* SystemConfiguration.framework in Frameworks */ = {isa = PBXBuildFile; fileRef = C86D13F01B02212A004A7E17 /* SystemConfiguration.framework */; };
		C86D13F31B022130004A7E17 /* QuartzCore.framework in Frameworks */ = {isa = PBXBuildFile; fileRef = C86D13F21B022130004A7E17 /* QuartzCore.framework */; };
		C86D13F51B02213C004A7E17 /* CoreTelephony.framework in Frameworks */ = {isa = PBXBuildFile; fileRef = C86D13F41B02213C004A7E17 /* CoreTelephony.framework */; };
		C86D13F71B022148004A7E17 /* libicucore.dylib in Frameworks */ = {isa = PBXBuildFile; fileRef = C86D13F61B022148004A7E17 /* libicucore.dylib */; };
		C86D13F91B022153004A7E17 /* libz.1.2.5.dylib in Frameworks */ = {isa = PBXBuildFile; fileRef = C86D13F81B022153004A7E17 /* libz.1.2.5.dylib */; };
		C86D13FB1B02215B004A7E17 /* Security.framework in Frameworks */ = {isa = PBXBuildFile; fileRef = C86D13FA1B02215B004A7E17 /* Security.framework */; };
		C86D13FD1B022162004A7E17 /* ImageIO.framework in Frameworks */ = {isa = PBXBuildFile; fileRef = C86D13FC1B022162004A7E17 /* ImageIO.framework */; };
		C86D13FF1B022172004A7E17 /* libstdc++.dylib in Frameworks */ = {isa = PBXBuildFile; fileRef = C86D13FE1B022172004A7E17 /* libstdc++.dylib */; };
		C86D14011B02217D004A7E17 /* libsqlite3.dylib in Frameworks */ = {isa = PBXBuildFile; fileRef = C86D14001B02217D004A7E17 /* libsqlite3.dylib */; };
		C86D14061B022852004A7E17 /* Social.framework in Frameworks */ = {isa = PBXBuildFile; fileRef = C86D14051B022852004A7E17 /* Social.framework */; };
		C86D14081B02285B004A7E17 /* Accounts.framework in Frameworks */ = {isa = PBXBuildFile; fileRef = C86D14071B02285B004A7E17 /* Accounts.framework */; };
		C8F6061C1B01B76100AD63A7 /* AppDelegate.swift in Sources */ = {isa = PBXBuildFile; fileRef = C8F6061B1B01B76100AD63A7 /* AppDelegate.swift */; };
		C8F6061E1B01B76100AD63A7 /* ViewController.swift in Sources */ = {isa = PBXBuildFile; fileRef = C8F6061D1B01B76100AD63A7 /* ViewController.swift */; };
		C8F606211B01B76100AD63A7 /* Main.storyboard in Resources */ = {isa = PBXBuildFile; fileRef = C8F6061F1B01B76100AD63A7 /* Main.storyboard */; };
		C8F606231B01B76100AD63A7 /* Images.xcassets in Resources */ = {isa = PBXBuildFile; fileRef = C8F606221B01B76100AD63A7 /* Images.xcassets */; };
		C8F606261B01B76100AD63A7 /* LaunchScreen.xib in Resources */ = {isa = PBXBuildFile; fileRef = C8F606241B01B76100AD63A7 /* LaunchScreen.xib */; };
/* End PBXBuildFile section */

/* Begin PBXFileReference section */
		C81477D41B0B1EAC00AE415C /* QQConnection.framework */ = {isa = PBXFileReference; lastKnownFileType = wrapper.framework; path = QQConnection.framework; sourceTree = "<group>"; };
		C81477D51B0B1EAC00AE415C /* QZoneConnection.framework */ = {isa = PBXFileReference; lastKnownFileType = wrapper.framework; path = QZoneConnection.framework; sourceTree = "<group>"; };
		C81477D61B0B1EAC00AE415C /* SinaWeiboConnection.framework */ = {isa = PBXFileReference; lastKnownFileType = wrapper.framework; path = SinaWeiboConnection.framework; sourceTree = "<group>"; };
		C81477D71B0B1EAC00AE415C /* WeChatConnection.framework */ = {isa = PBXFileReference; lastKnownFileType = wrapper.framework; path = WeChatConnection.framework; sourceTree = "<group>"; };
		C81477D91B0B1EAC00AE415C /* AGCommon.framework */ = {isa = PBXFileReference; lastKnownFileType = wrapper.framework; path = AGCommon.framework; sourceTree = "<group>"; };
		C81477DB1B0B1EAC00AE415C /* en */ = {isa = PBXFileReference; lastKnownFileType = text.plist.strings; name = en; path = en.lproj/ShareSDKLocalizable.strings; sourceTree = "<group>"; };
		C81477DC1B0B1EAC00AE415C /* Resource.bundle */ = {isa = PBXFileReference; lastKnownFileType = "wrapper.plug-in"; path = Resource.bundle; sourceTree = "<group>"; };
		C81477DD1B0B1EAC00AE415C /* ShareSDKCoreService.framework */ = {isa = PBXFileReference; lastKnownFileType = wrapper.framework; path = ShareSDKCoreService.framework; sourceTree = "<group>"; };
		C81477DE1B0B1EAC00AE415C /* zh-Hans */ = {isa = PBXFileReference; lastKnownFileType = text.plist.strings; name = "zh-Hans"; path = "zh-Hans.lproj/ShareSDKLocalizable.strings"; sourceTree = "<group>"; };
		C81477E11B0B1EAC00AE415C /* TencentOpenAPI.framework */ = {isa = PBXFileReference; lastKnownFileType = wrapper.framework; path = TencentOpenAPI.framework; sourceTree = "<group>"; };
		C81477E21B0B1EAC00AE415C /* TencentOpenApi_IOS_Bundle.bundle */ = {isa = PBXFileReference; lastKnownFileType = "wrapper.plug-in"; path = TencentOpenApi_IOS_Bundle.bundle; sourceTree = "<group>"; };
		C81477E41B0B1EAC00AE415C /* libWeiboSDK.a */ = {isa = PBXFileReference; lastKnownFileType = archive.ar; path = libWeiboSDK.a; sourceTree = "<group>"; };
		C81477E51B0B1EAC00AE415C /* WeiboSDK.bundle */ = {isa = PBXFileReference; lastKnownFileType = "wrapper.plug-in"; path = WeiboSDK.bundle; sourceTree = "<group>"; };
		C81477E61B0B1EAC00AE415C /* WeiboSDK.h */ = {isa = PBXFileReference; fileEncoding = 4; lastKnownFileType = sourcecode.c.h; path = WeiboSDK.h; sourceTree = "<group>"; };
		C81477E81B0B1EAC00AE415C /* libWeChatSDK.a */ = {isa = PBXFileReference; lastKnownFileType = archive.ar; path = libWeChatSDK.a; sourceTree = "<group>"; };
		C81477E91B0B1EAC00AE415C /* WXApi.h */ = {isa = PBXFileReference; fileEncoding = 4; lastKnownFileType = sourcecode.c.h; path = WXApi.h; sourceTree = "<group>"; };
		C81477EA1B0B1EAC00AE415C /* WXApiObject.h */ = {isa = PBXFileReference; fileEncoding = 4; lastKnownFileType = sourcecode.c.h; path = WXApiObject.h; sourceTree = "<group>"; };
		C81477EB1B0B1EAC00AE415C /* ShareSDK.framework */ = {isa = PBXFileReference; lastKnownFileType = wrapper.framework; path = ShareSDK.framework; sourceTree = "<group>"; };
		C81477ED1B0B1EAC00AE415C /* ShareSDKFlatShareViewUI.bundle */ = {isa = PBXFileReference; lastKnownFileType = "wrapper.plug-in"; path = ShareSDKFlatShareViewUI.bundle; sourceTree = "<group>"; };
		C81477EE1B0B1EAC00AE415C /* ShareSDKFlatShareViewUI.framework */ = {isa = PBXFileReference; lastKnownFileType = wrapper.framework; path = ShareSDKFlatShareViewUI.framework; sourceTree = "<group>"; };
		C81477EF1B0B1EAC00AE415C /* ShareSDKShareActionSheet.framework */ = {isa = PBXFileReference; lastKnownFileType = wrapper.framework; path = ShareSDKShareActionSheet.framework; sourceTree = "<group>"; };
		C83E873F1B09D742009C008B /* ShareSDK.jpg */ = {isa = PBXFileReference; lastKnownFileType = image.jpeg; path = ShareSDK.jpg; sourceTree = "<group>"; };
		C86D13F01B02212A004A7E17 /* SystemConfiguration.framework */ = {isa = PBXFileReference; lastKnownFileType = wrapper.framework; name = SystemConfiguration.framework; path = System/Library/Frameworks/SystemConfiguration.framework; sourceTree = SDKROOT; };
		C86D13F21B022130004A7E17 /* QuartzCore.framework */ = {isa = PBXFileReference; lastKnownFileType = wrapper.framework; name = QuartzCore.framework; path = System/Library/Frameworks/QuartzCore.framework; sourceTree = SDKROOT; };
		C86D13F41B02213C004A7E17 /* CoreTelephony.framework */ = {isa = PBXFileReference; lastKnownFileType = wrapper.framework; name = CoreTelephony.framework; path = System/Library/Frameworks/CoreTelephony.framework; sourceTree = SDKROOT; };
		C86D13F61B022148004A7E17 /* libicucore.dylib */ = {isa = PBXFileReference; lastKnownFileType = "compiled.mach-o.dylib"; name = libicucore.dylib; path = usr/lib/libicucore.dylib; sourceTree = SDKROOT; };
		C86D13F81B022153004A7E17 /* libz.1.2.5.dylib */ = {isa = PBXFileReference; lastKnownFileType = "compiled.mach-o.dylib"; name = libz.1.2.5.dylib; path = usr/lib/libz.1.2.5.dylib; sourceTree = SDKROOT; };
		C86D13FA1B02215B004A7E17 /* Security.framework */ = {isa = PBXFileReference; lastKnownFileType = wrapper.framework; name = Security.framework; path = System/Library/Frameworks/Security.framework; sourceTree = SDKROOT; };
		C86D13FC1B022162004A7E17 /* ImageIO.framework */ = {isa = PBXFileReference; lastKnownFileType = wrapper.framework; name = ImageIO.framework; path = System/Library/Frameworks/ImageIO.framework; sourceTree = SDKROOT; };
		C86D13FE1B022172004A7E17 /* libstdc++.dylib */ = {isa = PBXFileReference; lastKnownFileType = "compiled.mach-o.dylib"; name = "libstdc++.dylib"; path = "usr/lib/libstdc++.dylib"; sourceTree = SDKROOT; };
		C86D14001B02217D004A7E17 /* libsqlite3.dylib */ = {isa = PBXFileReference; lastKnownFileType = "compiled.mach-o.dylib"; name = libsqlite3.dylib; path = usr/lib/libsqlite3.dylib; sourceTree = SDKROOT; };
		C86D14041B022259004A7E17 /* ShareSDK-Bridging-Header.h */ = {isa = PBXFileReference; lastKnownFileType = sourcecode.c.h; path = "ShareSDK-Bridging-Header.h"; sourceTree = "<group>"; };
		C86D14051B022852004A7E17 /* Social.framework */ = {isa = PBXFileReference; lastKnownFileType = wrapper.framework; name = Social.framework; path = System/Library/Frameworks/Social.framework; sourceTree = SDKROOT; };
		C86D14071B02285B004A7E17 /* Accounts.framework */ = {isa = PBXFileReference; lastKnownFileType = wrapper.framework; name = Accounts.framework; path = System/Library/Frameworks/Accounts.framework; sourceTree = SDKROOT; };
		C8F606161B01B76100AD63A7 /* SwiftShareSDK.app */ = {isa = PBXFileReference; explicitFileType = wrapper.application; includeInIndex = 0; path = SwiftShareSDK.app; sourceTree = BUILT_PRODUCTS_DIR; };
		C8F6061A1B01B76100AD63A7 /* Info.plist */ = {isa = PBXFileReference; lastKnownFileType = text.plist.xml; path = Info.plist; sourceTree = "<group>"; };
		C8F6061B1B01B76100AD63A7 /* AppDelegate.swift */ = {isa = PBXFileReference; lastKnownFileType = sourcecode.swift; path = AppDelegate.swift; sourceTree = "<group>"; };
		C8F6061D1B01B76100AD63A7 /* ViewController.swift */ = {isa = PBXFileReference; lastKnownFileType = sourcecode.swift; path = ViewController.swift; sourceTree = "<group>"; };
		C8F606201B01B76100AD63A7 /* Base */ = {isa = PBXFileReference; lastKnownFileType = file.storyboard; name = Base; path = Base.lproj/Main.storyboard; sourceTree = "<group>"; };
		C8F606221B01B76100AD63A7 /* Images.xcassets */ = {isa = PBXFileReference; lastKnownFileType = folder.assetcatalog; path = Images.xcassets; sourceTree = "<group>"; };
		C8F606251B01B76100AD63A7 /* Base */ = {isa = PBXFileReference; lastKnownFileType = file.xib; name = Base; path = Base.lproj/LaunchScreen.xib; sourceTree = "<group>"; };
/* End PBXFileReference section */

/* Begin PBXFrameworksBuildPhase section */
		C8F606131B01B76100AD63A7 /* Frameworks */ = {
			isa = PBXFrameworksBuildPhase;
			buildActionMask = 2147483647;
			files = (
				C86D14081B02285B004A7E17 /* Accounts.framework in Frameworks */,
				C81477FF1B0B1EAC00AE415C /* ShareSDKFlatShareViewUI.framework in Frameworks */,
				C81477F81B0B1EAC00AE415C /* TencentOpenAPI.framework in Frameworks */,
				C86D14061B022852004A7E17 /* Social.framework in Frameworks */,
				C86D14011B02217D004A7E17 /* libsqlite3.dylib in Frameworks */,
				C81478001B0B1EAC00AE415C /* ShareSDKShareActionSheet.framework in Frameworks */,
				C86D13FF1B022172004A7E17 /* libstdc++.dylib in Frameworks */,
				C81477F01B0B1EAC00AE415C /* QQConnection.framework in Frameworks */,
				C81477F31B0B1EAC00AE415C /* WeChatConnection.framework in Frameworks */,
				C86D13FD1B022162004A7E17 /* ImageIO.framework in Frameworks */,
				C86D13FB1B02215B004A7E17 /* Security.framework in Frameworks */,
				C81477FD1B0B1EAC00AE415C /* ShareSDK.framework in Frameworks */,
				C86D13F91B022153004A7E17 /* libz.1.2.5.dylib in Frameworks */,
				C81477FA1B0B1EAC00AE415C /* libWeiboSDK.a in Frameworks */,
				C81477F71B0B1EAC00AE415C /* ShareSDKCoreService.framework in Frameworks */,
				C86D13F71B022148004A7E17 /* libicucore.dylib in Frameworks */,
				C86D13F51B02213C004A7E17 /* CoreTelephony.framework in Frameworks */,
				C81477FC1B0B1EAC00AE415C /* libWeChatSDK.a in Frameworks */,
				C86D13F31B022130004A7E17 /* QuartzCore.framework in Frameworks */,
				C86D13F11B02212A004A7E17 /* SystemConfiguration.framework in Frameworks */,
				C81477F21B0B1EAC00AE415C /* SinaWeiboConnection.framework in Frameworks */,
				C81477F11B0B1EAC00AE415C /* QZoneConnection.framework in Frameworks */,
				C81477F41B0B1EAC00AE415C /* AGCommon.framework in Frameworks */,
			);
			runOnlyForDeploymentPostprocessing = 0;
		};
/* End PBXFrameworksBuildPhase section */

/* Begin PBXGroup section */
		C81477D21B0B1EAC00AE415C /* ShareSDK */ = {
			isa = PBXGroup;
			children = (
				C81477D31B0B1EAC00AE415C /* Connection */,
				C81477D81B0B1EAC00AE415C /* Core */,
				C81477DF1B0B1EAC00AE415C /* Extend */,
				C81477EB1B0B1EAC00AE415C /* ShareSDK.framework */,
				C81477EC1B0B1EAC00AE415C /* UI */,
			);
			path = ShareSDK;
			sourceTree = "<group>";
		};
		C81477D31B0B1EAC00AE415C /* Connection */ = {
			isa = PBXGroup;
			children = (
				C81477D41B0B1EAC00AE415C /* QQConnection.framework */,
				C81477D51B0B1EAC00AE415C /* QZoneConnection.framework */,
				C81477D61B0B1EAC00AE415C /* SinaWeiboConnection.framework */,
				C81477D71B0B1EAC00AE415C /* WeChatConnection.framework */,
			);
			path = Connection;
			sourceTree = "<group>";
		};
		C81477D81B0B1EAC00AE415C /* Core */ = {
			isa = PBXGroup;
			children = (
				C81477D91B0B1EAC00AE415C /* AGCommon.framework */,
				C81477DA1B0B1EAC00AE415C /* ShareSDKLocalizable.strings */,
				C81477DC1B0B1EAC00AE415C /* Resource.bundle */,
				C81477DD1B0B1EAC00AE415C /* ShareSDKCoreService.framework */,
			);
			path = Core;
			sourceTree = "<group>";
		};
		C81477DF1B0B1EAC00AE415C /* Extend */ = {
			isa = PBXGroup;
			children = (
				C81477E01B0B1EAC00AE415C /* QQConnectSDK */,
				C81477E31B0B1EAC00AE415C /* SinaWeiboSDK */,
				C81477E71B0B1EAC00AE415C /* WeChatSDK */,
			);
			path = Extend;
			sourceTree = "<group>";
		};
		C81477E01B0B1EAC00AE415C /* QQConnectSDK */ = {
			isa = PBXGroup;
			children = (
				C81477E11B0B1EAC00AE415C /* TencentOpenAPI.framework */,
				C81477E21B0B1EAC00AE415C /* TencentOpenApi_IOS_Bundle.bundle */,
			);
			path = QQConnectSDK;
			sourceTree = "<group>";
		};
		C81477E31B0B1EAC00AE415C /* SinaWeiboSDK */ = {
			isa = PBXGroup;
			children = (
				C81477E41B0B1EAC00AE415C /* libWeiboSDK.a */,
				C81477E51B0B1EAC00AE415C /* WeiboSDK.bundle */,
				C81477E61B0B1EAC00AE415C /* WeiboSDK.h */,
			);
			path = SinaWeiboSDK;
			sourceTree = "<group>";
		};
		C81477E71B0B1EAC00AE415C /* WeChatSDK */ = {
			isa = PBXGroup;
			children = (
				C81477E81B0B1EAC00AE415C /* libWeChatSDK.a */,
				C81477E91B0B1EAC00AE415C /* WXApi.h */,
				C81477EA1B0B1EAC00AE415C /* WXApiObject.h */,
			);
			path = WeChatSDK;
			sourceTree = "<group>";
		};
		C81477EC1B0B1EAC00AE415C /* UI */ = {
			isa = PBXGroup;
			children = (
				C81477ED1B0B1EAC00AE415C /* ShareSDKFlatShareViewUI.bundle */,
				C81477EE1B0B1EAC00AE415C /* ShareSDKFlatShareViewUI.framework */,
				C81477EF1B0B1EAC00AE415C /* ShareSDKShareActionSheet.framework */,
			);
			path = UI;
			sourceTree = "<group>";
		};
		C86D14021B022189004A7E17 /* framework (必须添加的依赖库) */ = {
			isa = PBXGroup;
			children = (
				C86D14071B02285B004A7E17 /* Accounts.framework */,
				C86D14051B022852004A7E17 /* Social.framework */,
				C86D14001B02217D004A7E17 /* libsqlite3.dylib */,
				C86D13FE1B022172004A7E17 /* libstdc++.dylib */,
				C86D13FC1B022162004A7E17 /* ImageIO.framework */,
				C86D13FA1B02215B004A7E17 /* Security.framework */,
				C86D13F81B022153004A7E17 /* libz.1.2.5.dylib */,
				C86D13F61B022148004A7E17 /* libicucore.dylib */,
				C86D13F41B02213C004A7E17 /* CoreTelephony.framework */,
				C86D13F21B022130004A7E17 /* QuartzCore.framework */,
				C86D13F01B02212A004A7E17 /* SystemConfiguration.framework */,
			);
			name = "framework (必须添加的依赖库)";
			sourceTree = "<group>";
		};
		C8F6060D1B01B76100AD63A7 = {
			isa = PBXGroup;
			children = (
				C86D14041B022259004A7E17 /* ShareSDK-Bridging-Header.h */,
				C8F606181B01B76100AD63A7 /* SwiftShareSDK */,
				C8F606171B01B76100AD63A7 /* Products */,
			);
			sourceTree = "<group>";
		};
		C8F606171B01B76100AD63A7 /* Products */ = {
			isa = PBXGroup;
			children = (
				C8F606161B01B76100AD63A7 /* SwiftShareSDK.app */,
			);
			name = Products;
			sourceTree = "<group>";
		};
		C8F606181B01B76100AD63A7 /* SwiftShareSDK */ = {
			isa = PBXGroup;
			children = (
				C81477D21B0B1EAC00AE415C /* ShareSDK */,
				C8F606191B01B76100AD63A7 /* Supporting Files */,
				C8F6061B1B01B76100AD63A7 /* AppDelegate.swift */,
				C8F6061D1B01B76100AD63A7 /* ViewController.swift */,
			);
			path = SwiftShareSDK;
			sourceTree = "<group>";
		};
		C8F606191B01B76100AD63A7 /* Supporting Files */ = {
			isa = PBXGroup;
			children = (
				C86D14021B022189004A7E17 /* framework (必须添加的依赖库) */,
				C8F6061F1B01B76100AD63A7 /* Main.storyboard */,
				C8F606241B01B76100AD63A7 /* LaunchScreen.xib */,
				C8F606221B01B76100AD63A7 /* Images.xcassets */,
				C83E873F1B09D742009C008B /* ShareSDK.jpg */,
				C8F6061A1B01B76100AD63A7 /* Info.plist */,
			);
			name = "Supporting Files";
			sourceTree = "<group>";
		};
/* End PBXGroup section */

/* Begin PBXNativeTarget section */
		C8F606151B01B76100AD63A7 /* SwiftShareSDK */ = {
			isa = PBXNativeTarget;
			buildConfigurationList = C8F606351B01B76100AD63A7 /* Build configuration list for PBXNativeTarget "SwiftShareSDK" */;
			buildPhases = (
				C8F606121B01B76100AD63A7 /* Sources */,
				C8F606131B01B76100AD63A7 /* Frameworks */,
				C8F606141B01B76100AD63A7 /* Resources */,
			);
			buildRules = (
			);
			dependencies = (
			);
			name = SwiftShareSDK;
			productName = SwiftShareSDK;
			productReference = C8F606161B01B76100AD63A7 /* SwiftShareSDK.app */;
			productType = "com.apple.product-type.application";
		};
/* End PBXNativeTarget section */

/* Begin PBXProject section */
		C8F6060E1B01B76100AD63A7 /* Project object */ = {
			isa = PBXProject;
			attributes = {
				LastUpgradeCheck = 0630;
				ORGANIZATIONNAME = "lisk@uuzu.com";
				TargetAttributes = {
					C8F606151B01B76100AD63A7 = {
						CreatedOnToolsVersion = 6.3.1;
						DevelopmentTeam = Q87QUX3533;
					};
				};
			};
			buildConfigurationList = C8F606111B01B76100AD63A7 /* Build configuration list for PBXProject "SwiftShareSDK" */;
			compatibilityVersion = "Xcode 3.2";
			developmentRegion = English;
			hasScannedForEncodings = 0;
			knownRegions = (
				en,
				Base,
				"zh-Hans",
			);
			mainGroup = C8F6060D1B01B76100AD63A7;
			productRefGroup = C8F606171B01B76100AD63A7 /* Products */;
			projectDirPath = "";
			projectRoot = "";
			targets = (
				C8F606151B01B76100AD63A7 /* SwiftShareSDK */,
			);
		};
/* End PBXProject section */

/* Begin PBXResourcesBuildPhase section */
		C8F606141B01B76100AD63A7 /* Resources */ = {
			isa = PBXResourcesBuildPhase;
			buildActionMask = 2147483647;
			files = (
				C8F606211B01B76100AD63A7 /* Main.storyboard in Resources */,
				C8F606261B01B76100AD63A7 /* LaunchScreen.xib in Resources */,
				C81477F51B0B1EAC00AE415C /* ShareSDKLocalizable.strings in Resources */,
				C81477F61B0B1EAC00AE415C /* Resource.bundle in Resources */,
				C81477FE1B0B1EAC00AE415C /* ShareSDKFlatShareViewUI.bundle in Resources */,
				C81477F91B0B1EAC00AE415C /* TencentOpenApi_IOS_Bundle.bundle in Resources */,
				C83E87401B09D742009C008B /* ShareSDK.jpg in Resources */,
				C8F606231B01B76100AD63A7 /* Images.xcassets in Resources */,
				C81477FB1B0B1EAC00AE415C /* WeiboSDK.bundle in Resources */,
			);
			runOnlyForDeploymentPostprocessing = 0;
		};
/* End PBXResourcesBuildPhase section */

/* Begin PBXSourcesBuildPhase section */
		C8F606121B01B76100AD63A7 /* Sources */ = {
			isa = PBXSourcesBuildPhase;
			buildActionMask = 2147483647;
			files = (
				C8F6061E1B01B76100AD63A7 /* ViewController.swift in Sources */,
				C8F6061C1B01B76100AD63A7 /* AppDelegate.swift in Sources */,
			);
			runOnlyForDeploymentPostprocessing = 0;
		};
/* End PBXSourcesBuildPhase section */

/* Begin PBXVariantGroup section */
		C81477DA1B0B1EAC00AE415C /* ShareSDKLocalizable.strings */ = {
			isa = PBXVariantGroup;
			children = (
				C81477DB1B0B1EAC00AE415C /* en */,
				C81477DE1B0B1EAC00AE415C /* zh-Hans */,
			);
			name = ShareSDKLocalizable.strings;
			sourceTree = "<group>";
		};
		C8F6061F1B01B76100AD63A7 /* Main.storyboard */ = {
			isa = PBXVariantGroup;
			children = (
				C8F606201B01B76100AD63A7 /* Base */,
			);
			name = Main.storyboard;
			sourceTree = "<group>";
		};
		C8F606241B01B76100AD63A7 /* LaunchScreen.xib */ = {
			isa = PBXVariantGroup;
			children = (
				C8F606251B01B76100AD63A7 /* Base */,
			);
			name = LaunchScreen.xib;
			sourceTree = "<group>";
		};
/* End PBXVariantGroup section */

/* Begin XCBuildConfiguration section */
		C8F606331B01B76100AD63A7 /* Debug */ = {
			isa = XCBuildConfiguration;
			buildSettings = {
				ALWAYS_SEARCH_USER_PATHS = NO;
				CLANG_CXX_LANGUAGE_STANDARD = "gnu++0x";
				CLANG_CXX_LIBRARY = "libc++";
				CLANG_ENABLE_MODULES = YES;
				CLANG_ENABLE_OBJC_ARC = YES;
				CLANG_WARN_BOOL_CONVERSION = YES;
				CLANG_WARN_CONSTANT_CONVERSION = YES;
				CLANG_WARN_DIRECT_OBJC_ISA_USAGE = YES_ERROR;
				CLANG_WARN_EMPTY_BODY = YES;
				CLANG_WARN_ENUM_CONVERSION = YES;
				CLANG_WARN_INT_CONVERSION = YES;
				CLANG_WARN_OBJC_ROOT_CLASS = YES_ERROR;
				CLANG_WARN_UNREACHABLE_CODE = YES;
				CLANG_WARN__DUPLICATE_METHOD_MATCH = YES;
				"CODE_SIGN_IDENTITY[sdk=iphoneos*]" = "iPhone Developer";
				COPY_PHASE_STRIP = NO;
				DEBUG_INFORMATION_FORMAT = "dwarf-with-dsym";
				ENABLE_STRICT_OBJC_MSGSEND = YES;
				GCC_C_LANGUAGE_STANDARD = gnu99;
				GCC_DYNAMIC_NO_PIC = NO;
				GCC_NO_COMMON_BLOCKS = YES;
				GCC_OPTIMIZATION_LEVEL = 0;
				GCC_PREPROCESSOR_DEFINITIONS = (
					"DEBUG=1",
					"$(inherited)",
				);
				GCC_SYMBOLS_PRIVATE_EXTERN = NO;
				GCC_WARN_64_TO_32_BIT_CONVERSION = YES;
				GCC_WARN_ABOUT_RETURN_TYPE = YES_ERROR;
				GCC_WARN_UNDECLARED_SELECTOR = YES;
				GCC_WARN_UNINITIALIZED_AUTOS = YES_AGGRESSIVE;
				GCC_WARN_UNUSED_FUNCTION = YES;
				GCC_WARN_UNUSED_VARIABLE = YES;
				IPHONEOS_DEPLOYMENT_TARGET = 8.3;
				MTL_ENABLE_DEBUG_INFO = YES;
				ONLY_ACTIVE_ARCH = YES;
				SDKROOT = iphoneos;
				SWIFT_OPTIMIZATION_LEVEL = "-Onone";
				TARGETED_DEVICE_FAMILY = "1,2";
			};
			name = Debug;
		};
		C8F606341B01B76100AD63A7 /* Release */ = {
			isa = XCBuildConfiguration;
			buildSettings = {
				ALWAYS_SEARCH_USER_PATHS = NO;
				CLANG_CXX_LANGUAGE_STANDARD = "gnu++0x";
				CLANG_CXX_LIBRARY = "libc++";
				CLANG_ENABLE_MODULES = YES;
				CLANG_ENABLE_OBJC_ARC = YES;
				CLANG_WARN_BOOL_CONVERSION = YES;
				CLANG_WARN_CONSTANT_CONVERSION = YES;
				CLANG_WARN_DIRECT_OBJC_ISA_USAGE = YES_ERROR;
				CLANG_WARN_EMPTY_BODY = YES;
				CLANG_WARN_ENUM_CONVERSION = YES;
				CLANG_WARN_INT_CONVERSION = YES;
				CLANG_WARN_OBJC_ROOT_CLASS = YES_ERROR;
				CLANG_WARN_UNREACHABLE_CODE = YES;
				CLANG_WARN__DUPLICATE_METHOD_MATCH = YES;
				"CODE_SIGN_IDENTITY[sdk=iphoneos*]" = "iPhone Developer";
				COPY_PHASE_STRIP = NO;
				DEBUG_INFORMATION_FORMAT = "dwarf-with-dsym";
				ENABLE_NS_ASSERTIONS = NO;
				ENABLE_STRICT_OBJC_MSGSEND = YES;
				GCC_C_LANGUAGE_STANDARD = gnu99;
				GCC_NO_COMMON_BLOCKS = YES;
				GCC_WARN_64_TO_32_BIT_CONVERSION = YES;
				GCC_WARN_ABOUT_RETURN_TYPE = YES_ERROR;
				GCC_WARN_UNDECLARED_SELECTOR = YES;
				GCC_WARN_UNINITIALIZED_AUTOS = YES_AGGRESSIVE;
				GCC_WARN_UNUSED_FUNCTION = YES;
				GCC_WARN_UNUSED_VARIABLE = YES;
				IPHONEOS_DEPLOYMENT_TARGET = 8.3;
				MTL_ENABLE_DEBUG_INFO = NO;
				SDKROOT = iphoneos;
				TARGETED_DEVICE_FAMILY = "1,2";
				VALIDATE_PRODUCT = YES;
			};
			name = Release;
		};
		C8F606361B01B76100AD63A7 /* Debug */ = {
			isa = XCBuildConfiguration;
			buildSettings = {
				ASSETCATALOG_COMPILER_APPICON_NAME = AppIcon;
				CODE_SIGN_IDENTITY = "iPhone Developer";
				"CODE_SIGN_IDENTITY[sdk=iphoneos*]" = "iPhone Developer";
				FRAMEWORK_SEARCH_PATHS = (
					"$(inherited)",
					"$(PROJECT_DIR)/SwiftShareSDK/ShareSDK/Connection",
					"$(PROJECT_DIR)/SwiftShareSDK/ShareSDK/Core",
					"$(PROJECT_DIR)/SwiftShareSDK/ShareSDK/Extend/QQConnectSDK",
					"$(PROJECT_DIR)/SwiftShareSDK/ShareSDK/Extend/RenRenSDK",
					"$(PROJECT_DIR)/SwiftShareSDK/ShareSDK",
					"$(PROJECT_DIR)/SwiftShareSDK/ShareSDK/UI",
					"$(PROJECT_DIR)/SwiftShareSDK/ShareSDK/Extend/GooglePlusSDK",
					"$(PROJECT_DIR)/SwiftShareSDK/ShareSDK/Extend/Pinterest.embeddedframework",
				);
				INFOPLIST_FILE = SwiftShareSDK/Info.plist;
				LD_RUNPATH_SEARCH_PATHS = "$(inherited) @executable_path/Frameworks";
				LIBRARY_SEARCH_PATHS = (
					"$(inherited)",
					"$(PROJECT_DIR)/SwiftShareSDK/ShareSDK/Extend/SinaWeiboSDK",
					"$(PROJECT_DIR)/SwiftShareSDK/ShareSDK/Extend/TencentWeiboSDK",
					"$(PROJECT_DIR)/SwiftShareSDK/ShareSDK/Extend/WeChatSDK",
					"$(PROJECT_DIR)/SwiftShareSDK/ShareSDK/Extend/YiXinSDK",
				);
				OTHER_LDFLAGS = "-ObjC";
				PRODUCT_NAME = "$(TARGET_NAME)";
				PROVISIONING_PROFILE = "";
				SWIFT_OBJC_BRIDGING_HEADER = "ShareSDK-Bridging-Header.h";
			};
			name = Debug;
		};
		C8F606371B01B76100AD63A7 /* Release */ = {
			isa = XCBuildConfiguration;
			buildSettings = {
				ASSETCATALOG_COMPILER_APPICON_NAME = AppIcon;
				CODE_SIGN_IDENTITY = "iPhone Developer";
				"CODE_SIGN_IDENTITY[sdk=iphoneos*]" = "iPhone Developer";
				FRAMEWORK_SEARCH_PATHS = (
					"$(inherited)",
					"$(PROJECT_DIR)/SwiftShareSDK/ShareSDK/Connection",
					"$(PROJECT_DIR)/SwiftShareSDK/ShareSDK/Core",
					"$(PROJECT_DIR)/SwiftShareSDK/ShareSDK/Extend/QQConnectSDK",
					"$(PROJECT_DIR)/SwiftShareSDK/ShareSDK/Extend/RenRenSDK",
					"$(PROJECT_DIR)/SwiftShareSDK/ShareSDK",
					"$(PROJECT_DIR)/SwiftShareSDK/ShareSDK/UI",
					"$(PROJECT_DIR)/SwiftShareSDK/ShareSDK/Extend/GooglePlusSDK",
					"$(PROJECT_DIR)/SwiftShareSDK/ShareSDK/Extend/Pinterest.embeddedframework",
				);
				INFOPLIST_FILE = SwiftShareSDK/Info.plist;
				LD_RUNPATH_SEARCH_PATHS = "$(inherited) @executable_path/Frameworks";
				LIBRARY_SEARCH_PATHS = (
					"$(inherited)",
					"$(PROJECT_DIR)/SwiftShareSDK/ShareSDK/Extend/SinaWeiboSDK",
					"$(PROJECT_DIR)/SwiftShareSDK/ShareSDK/Extend/TencentWeiboSDK",
					"$(PROJECT_DIR)/SwiftShareSDK/ShareSDK/Extend/WeChatSDK",
					"$(PROJECT_DIR)/SwiftShareSDK/ShareSDK/Extend/YiXinSDK",
				);
				OTHER_LDFLAGS = "-ObjC";
				PRODUCT_NAME = "$(TARGET_NAME)";
				PROVISIONING_PROFILE = "";
				SWIFT_OBJC_BRIDGING_HEADER = "ShareSDK-Bridging-Header.h";
			};
			name = Release;
		};
/* End XCBuildConfiguration section */

/* Begin XCConfigurationList section */
		C8F606111B01B76100AD63A7 /* Build configuration list for PBXProject "SwiftShareSDK" */ = {
			isa = XCConfigurationList;
			buildConfigurations = (
				C8F606331B01B76100AD63A7 /* Debug */,
				C8F606341B01B76100AD63A7 /* Release */,
			);
			defaultConfigurationIsVisible = 0;
			defaultConfigurationName = Release;
		};
		C8F606351B01B76100AD63A7 /* Build configuration list for PBXNativeTarget "SwiftShareSDK" */ = {
			isa = XCConfigurationList;
			buildConfigurations = (
				C8F606361B01B76100AD63A7 /* Debug */,
				C8F606371B01B76100AD63A7 /* Release */,
			);
			defaultConfigurationIsVisible = 0;
			defaultConfigurationName = Release;
		};
/* End XCConfigurationList section */
	};
	rootObject = C8F6060E1B01B76100AD63A7 /* Project object */;
}
